{
  "object": {
    "pins": [
      {
        "package": "RequestKit",
        "repositoryURL": "https://github.com/nerdishbynature/RequestKit.git",
        "state": {
          "branch": "async-await",
          "revision": "bc965801fc15d39db022214474eadbc46b2796bb",
          "version": null
        }
      }
    ]
  },
  "version": 1
}
